{
  "nodes": {
    "flake-parts": {
      "inputs": {
        "nixpkgs-lib": [
          "neovim-nightly-overlay",
          "nixpkgs"
        ]
      },
      "locked": {
        "lastModified": 1762040540,
        "narHash": "sha256-z5PlZ47j50VNF3R+IMS9LmzI5fYRGY/Z5O5tol1c9I4=",
        "owner": "hercules-ci",
        "repo": "flake-parts",
        "rev": "0010412d62a25d959151790968765a70c436598b",
        "type": "github"
      },
      "original": {
        "owner": "hercules-ci",
        "repo": "flake-parts",
        "type": "github"
      }
    },
    "neovim-nightly-overlay": {
      "inputs": {
        "flake-parts": "flake-parts",
        "neovim-src": "neovim-src",
        "nixpkgs": "nixpkgs"
      },
      "locked": {
        "lastModified": 1762301120,
        "narHash": "sha256-/BJTnu8R12gY1ukPlSLuNmRZqVj2g+ci/DGLOTmUG4g=",
        "owner": "nix-community",
        "repo": "neovim-nightly-overlay",
        "rev": "b5d560fa4ee4f2e0789215de9e089fbab9d0e44a",
        "type": "github"
      },
      "original": {
        "owner": "nix-community",
        "repo": "neovim-nightly-overlay",
        "type": "github"
      }
    },
    "neovim-src": {
      "flake": false,
      "locked": {
        "lastModified": 1762282297,
        "narHash": "sha256-oXLHH4EIrXANnJVese+WJpHY0RHY1uptX6iw8EitrQs=",
        "owner": "neovim",
        "repo": "neovim",
        "rev": "20a392fe38431259d35a1c94ad39daee77aeb402",
        "type": "github"
      },
      "original": {
        "owner": "neovim",
        "repo": "neovim",
        "type": "github"
      }
    },
    "nixCats": {
      "locked": {
        "lastModified": 1762227818,
        "narHash": "sha256-GSnU4XJucZojGVBGY7djqsT37P9YViCMTVw58tsqrOs=",
        "owner": "BirdeeHub",
        "repo": "nixCats-nvim",
        "rev": "fa7991a4fa7d7227486910ce6724215b88eb8296",
        "type": "github"
      },
      "original": {
        "owner": "BirdeeHub",
        "repo": "nixCats-nvim",
        "type": "github"
      }
    },
    "nixpkgs": {
      "locked": {
        "lastModified": 1762156382,
        "narHash": "sha256-Yg7Ag7ov5+36jEFC1DaZh/12SEXo6OO3/8rqADRxiqs=",
        "owner": "NixOS",
        "repo": "nixpkgs",
        "rev": "7241bcbb4f099a66aafca120d37c65e8dda32717",
        "type": "github"
      },
      "original": {
        "owner": "NixOS",
        "ref": "nixpkgs-unstable",
        "repo": "nixpkgs",
        "type": "github"
      }
    },
    "nixpkgs_2": {
      "locked": {
        "lastModified": 1762286042,
        "narHash": "sha256-OD5HsZ+sN7VvNucbrjiCz7CHF5zf9gP51YVJvPwYIH8=",
        "owner": "nixos",
        "repo": "nixpkgs",
        "rev": "12c1f0253aa9a54fdf8ec8aecaafada64a111e24",
        "type": "github"
      },
      "original": {
        "owner": "nixos",
        "ref": "nixpkgs-unstable",
        "repo": "nixpkgs",
        "type": "github"
      }
    },
    "plugins-colorful-winsep": {
      "flake": false,
      "locked": {
        "lastModified": 1759217930,
        "narHash": "sha256-BNQ/MklqSGcyOeozytq1B71jnj85Bb+QQX7rAj//tjg=",
        "owner": "nvim-zh",
        "repo": "colorful-winsep.nvim",
        "rev": "e555611c8f39918e30d033a97ea1a5af457ce75e",
        "type": "github"
      },
      "original": {
        "owner": "nvim-zh",
        "repo": "colorful-winsep.nvim",
        "type": "github"
      }
    },
    "root": {
      "inputs": {
        "neovim-nightly-overlay": "neovim-nightly-overlay",
        "nixCats": "nixCats",
        "nixpkgs": "nixpkgs_2",
        "plugins-colorful-winsep": "plugins-colorful-winsep"
      }
    }
  },
  "root": "root",
  "version": 7
}
