{
  "nodes": {
    "flake-parts": {
      "inputs": {
        "nixpkgs-lib": [
          "neovim-nightly-overlay",
          "nixpkgs"
        ]
      },
      "locked": {
        "lastModified": 1762440070,
        "narHash": "sha256-xxdepIcb39UJ94+YydGP221rjnpkDZUlykKuF54PsqI=",
        "owner": "hercules-ci",
        "repo": "flake-parts",
        "rev": "26d05891e14c88eb4a5d5bee659c0db5afb609d8",
        "type": "github"
      },
      "original": {
        "owner": "hercules-ci",
        "repo": "flake-parts",
        "type": "github"
      }
    },
    "neovim-nightly-overlay": {
      "inputs": {
        "flake-parts": "flake-parts",
        "neovim-src": "neovim-src",
        "nixpkgs": [
          "nixpkgs"
        ]
      },
      "locked": {
        "lastModified": 1762560310,
        "narHash": "sha256-xmXc/A187ItfvHQjaJUL1ciiunIsrRkWknZwcgl2s8I=",
        "owner": "nix-community",
        "repo": "neovim-nightly-overlay",
        "rev": "fbc6a67d4bdc7ef09a17e985109c5cb1ed287ed6",
        "type": "github"
      },
      "original": {
        "owner": "nix-community",
        "repo": "neovim-nightly-overlay",
        "type": "github"
      }
    },
    "neovim-src": {
      "flake": false,
      "locked": {
        "lastModified": 1762474970,
        "narHash": "sha256-z2lLrDK3WRgGS9LA4KEQRgYxnZiVXh+bdg09puaBfk4=",
        "owner": "neovim",
        "repo": "neovim",
        "rev": "af5ac171bde3ae7f961a23e9464309cee7ef9c13",
        "type": "github"
      },
      "original": {
        "owner": "neovim",
        "repo": "neovim",
        "type": "github"
      }
    },
    "nixCats": {
      "locked": {
        "lastModified": 1762227818,
        "narHash": "sha256-GSnU4XJucZojGVBGY7djqsT37P9YViCMTVw58tsqrOs=",
        "owner": "BirdeeHub",
        "repo": "nixCats-nvim",
        "rev": "fa7991a4fa7d7227486910ce6724215b88eb8296",
        "type": "github"
      },
      "original": {
        "owner": "BirdeeHub",
        "repo": "nixCats-nvim",
        "type": "github"
      }
    },
    "nixpkgs": {
      "locked": {
        "lastModified": 1762361079,
        "narHash": "sha256-lz718rr1BDpZBYk7+G8cE6wee3PiBUpn8aomG/vLLiY=",
        "owner": "nixos",
        "repo": "nixpkgs",
        "rev": "ffcdcf99d65c61956d882df249a9be53e5902ea5",
        "type": "github"
      },
      "original": {
        "owner": "nixos",
        "ref": "nixpkgs-unstable",
        "repo": "nixpkgs",
        "type": "github"
      }
    },
    "nvim-treesitter": {
      "flake": false,
      "locked": {
        "lastModified": 1761832759,
        "narHash": "sha256-yER4ODJGWywRpW5jVvbPik1EONRf3p6/VomQjCR3BFk=",
        "owner": "nvim-treesitter",
        "repo": "nvim-treesitter",
        "rev": "64f4755b9d6ea9008265b09eb79fd91727311682",
        "type": "github"
      },
      "original": {
        "owner": "nvim-treesitter",
        "ref": "main",
        "repo": "nvim-treesitter",
        "type": "github"
      }
    },
    "nvim-treesitter-main": {
      "inputs": {
        "nixpkgs": [
          "nixpkgs"
        ],
        "nvim-treesitter": "nvim-treesitter",
        "nvim-treesitter-textobjects": "nvim-treesitter-textobjects"
      },
      "locked": {
        "lastModified": 1762067596,
        "narHash": "sha256-k6fFEAWox/Dztg61VTZTFA2LVUkqIbLZ4x5OO9jzqTw=",
        "owner": "iofq",
        "repo": "nvim-treesitter-main",
        "rev": "0c5935fe575c40f5c7030e20da5e45f4c5968a8c",
        "type": "github"
      },
      "original": {
        "owner": "iofq",
        "repo": "nvim-treesitter-main",
        "type": "github"
      }
    },
    "nvim-treesitter-textobjects": {
      "flake": false,
      "locked": {
        "lastModified": 1761958090,
        "narHash": "sha256-nMWdgymdnnuTm1JXJ8G81UVkrzZ7riLEEHn5XlWgDug=",
        "owner": "nvim-treesitter",
        "repo": "nvim-treesitter-textobjects",
        "rev": "1f29f2f788dbbf6573a0d968a6dfe75a0fa628d0",
        "type": "github"
      },
      "original": {
        "owner": "nvim-treesitter",
        "ref": "main",
        "repo": "nvim-treesitter-textobjects",
        "type": "github"
      }
    },
    "plugins-colorful-winsep": {
      "flake": false,
      "locked": {
        "lastModified": 1759217930,
        "narHash": "sha256-BNQ/MklqSGcyOeozytq1B71jnj85Bb+QQX7rAj//tjg=",
        "owner": "nvim-zh",
        "repo": "colorful-winsep.nvim",
        "rev": "e555611c8f39918e30d033a97ea1a5af457ce75e",
        "type": "github"
      },
      "original": {
        "owner": "nvim-zh",
        "repo": "colorful-winsep.nvim",
        "type": "github"
      }
    },
    "plugins-oil": {
      "flake": false,
      "locked": {
        "lastModified": 1760913566,
        "narHash": "sha256-ebRao8UU8UI1S6Lumkd5vUiYYSj9UAazcEzThKyl8Uk=",
        "owner": "stevearc",
        "repo": "oil.nvim",
        "rev": "7e1cd7703ff2924d7038476dcbc04b950203b902",
        "type": "github"
      },
      "original": {
        "owner": "stevearc",
        "repo": "oil.nvim",
        "type": "github"
      }
    },
    "root": {
      "inputs": {
        "neovim-nightly-overlay": "neovim-nightly-overlay",
        "nixCats": "nixCats",
        "nixpkgs": "nixpkgs",
        "nvim-treesitter-main": "nvim-treesitter-main",
        "plugins-colorful-winsep": "plugins-colorful-winsep",
        "plugins-oil": "plugins-oil"
      }
    }
  },
  "root": "root",
  "version": 7
}
