{
  "nodes": {
    "blink-lib": {
      "inputs": {
        "nixpkgs": [
          "blink-pairs",
          "nixpkgs"
        ]
      },
      "locked": {
        "lastModified": 1780479614,
        "narHash": "sha256-YlvnmeKny7pGL5+tAqtZK84WxJ/vKwCMG5CP9xJEnUg=",
        "owner": "saghen",
        "repo": "blink.lib",
        "rev": "b127d48bf8e9ac9cf41f6e0fbead317503f76558",
        "type": "github"
      },
      "original": {
        "owner": "saghen",
        "repo": "blink.lib",
        "type": "github"
      }
    },
    "blink-pairs": {
      "inputs": {
        "blink-lib": "blink-lib",
        "nixpkgs": "nixpkgs"
      },
      "locked": {
        "lastModified": 1781880466,
        "narHash": "sha256-Vbk0einYXpmqbHerw7YK38zp+m1x4QKpgRrVS3TBNYU=",
        "owner": "saghen",
        "repo": "blink.pairs",
        "rev": "d0f00431105f773ae50cdc0fa03208448f5f829e",
        "type": "github"
      },
      "original": {
        "owner": "saghen",
        "repo": "blink.pairs",
        "type": "github"
      }
    },
    "flake-parts": {
      "inputs": {
        "nixpkgs-lib": [
          "neovim-nightly-overlay",
          "nixpkgs"
        ]
      },
      "locked": {
        "lastModified": 1778716662,
        "narHash": "sha256-m1Yf0wZ8j1OHjTc2UwHwyQRSnNeSgLJOd7q5Y45hzi4=",
        "owner": "hercules-ci",
        "repo": "flake-parts",
        "rev": "f7c1a2d347e4c52d5fb8d10cb4d94b5884e546fb",
        "type": "github"
      },
      "original": {
        "owner": "hercules-ci",
        "repo": "flake-parts",
        "type": "github"
      }
    },
    "neovim-nightly-overlay": {
      "inputs": {
        "flake-parts": "flake-parts",
        "neovim-src": "neovim-src",
        "nixpkgs": [
          "nixpkgs"
        ]
      },
      "locked": {
        "lastModified": 1782086674,
        "narHash": "sha256-GuN06EDWFefs6MJnGTKsjd1GRWy3r5xYzDIQs4+aqZ0=",
        "owner": "nix-community",
        "repo": "neovim-nightly-overlay",
        "rev": "80fa93450cf3f0062cae52f107e66b1a7db2e8f1",
        "type": "github"
      },
      "original": {
        "owner": "nix-community",
        "repo": "neovim-nightly-overlay",
        "type": "github"
      }
    },
    "neovim-src": {
      "flake": false,
      "locked": {
        "lastModified": 1782084642,
        "narHash": "sha256-vqBemsQl1c6Bp0+zsti/wgGZDBFWGmbNF3LP2j2FY/U=",
        "owner": "neovim",
        "repo": "neovim",
        "rev": "2dd5e3eb4fdf2d7711778246617a2435b131cb09",
        "type": "github"
      },
      "original": {
        "owner": "neovim",
        "repo": "neovim",
        "type": "github"
      }
    },
    "nixpkgs": {
      "locked": {
        "lastModified": 1780749050,
        "narHash": "sha256-G5B1h4sOH4DN/RZ85xYi6zPm2MHdOrNMeUmMslZ28Qs=",
        "rev": "a799d3e3886da994fa307f817a6bc705ae538eeb",
        "type": "tarball",
        "url": "https://releases.nixos.org/nixos/unstable/nixos-26.11pre1011622.a799d3e3886d/nixexprs.tar.xz"
      },
      "original": {
        "type": "tarball",
        "url": "https://channels.nixos.org/nixos-unstable/nixexprs.tar.xz"
      }
    },
    "nixpkgs_2": {
      "locked": {
        "lastModified": 1781607440,
        "narHash": "sha256-rxO+uc/KFbSJp+pgyXRuAX6QlG9hJdnt0BXpEQRXY+U=",
        "owner": "nixos",
        "repo": "nixpkgs",
        "rev": "3e41b24abd260e8f71dbe2f5737d24122f972158",
        "type": "github"
      },
      "original": {
        "owner": "nixos",
        "ref": "nixpkgs-unstable",
        "repo": "nixpkgs",
        "type": "github"
      }
    },
    "plugins-colorful-winsep-nvim": {
      "flake": false,
      "locked": {
        "lastModified": 1777209893,
        "narHash": "sha256-11F/cax2qRDQtxbmM8TfHlmko5gxX5VrW8lPcPFfIzU=",
        "owner": "nvim-zh",
        "repo": "colorful-winsep.nvim",
        "rev": "6134b5cd4a38990c7b720adc90973ed32f726179",
        "type": "github"
      },
      "original": {
        "owner": "nvim-zh",
        "repo": "colorful-winsep.nvim",
        "type": "github"
      }
    },
    "plugins-conform-nvim": {
      "flake": false,
      "locked": {
        "lastModified": 1779644945,
        "narHash": "sha256-pMWvC7sqOFjsMUhxTzMcoSifn7E5CVindvQVl9dEfB8=",
        "owner": "stevearc",
        "repo": "conform.nvim",
        "rev": "619363c30309d29ffa631e67c8183f2a72caa373",
        "type": "github"
      },
      "original": {
        "owner": "stevearc",
        "repo": "conform.nvim",
        "type": "github"
      }
    },
    "plugins-filepaths_ls-nvim": {
      "flake": false,
      "locked": {
        "lastModified": 1773313075,
        "narHash": "sha256-mCADczx8AMsGpWm0+oDoVmCq/0/HaeFM3fvexmvGkM0=",
        "owner": "antonk52",
        "repo": "filepaths_ls.nvim",
        "rev": "c5ebc0aa1cb0c7dc4509be834ca54f2c8364c11b",
        "type": "github"
      },
      "original": {
        "owner": "antonk52",
        "repo": "filepaths_ls.nvim",
        "type": "github"
      }
    },
    "plugins-fyler-nvim": {
      "flake": false,
      "locked": {
        "lastModified": 1782107516,
        "narHash": "sha256-hJ9Pf6qzi/krpj2mi6RAvhQc7nmlST6uzqlWu29omBQ=",
        "owner": "A7Lavinraj",
        "repo": "fyler.nvim",
        "rev": "638c0e10af7802ab23598573f01452334ca1ff5b",
        "type": "github"
      },
      "original": {
        "owner": "A7Lavinraj",
        "repo": "fyler.nvim",
        "type": "github"
      }
    },
    "plugins-jj-nvim": {
      "flake": false,
      "locked": {
        "lastModified": 1781807069,
        "narHash": "sha256-AxmZTSytBEGzjqQJrFV2+oHSVaG21Vx6YRezto3MT9s=",
        "owner": "NicolasGB",
        "repo": "jj.nvim",
        "rev": "cffc74128a80398469085e01ff2e4001e330b800",
        "type": "github"
      },
      "original": {
        "owner": "NicolasGB",
        "repo": "jj.nvim",
        "type": "github"
      }
    },
    "plugins-leap-nvim": {
      "flake": false,
      "locked": {
        "lastModified": 1781074802,
        "narHash": "sha256-x+oaVsaY69GrKtEt+8BS+XlRCc0QkYO1b7I4AABc/zs=",
        "ref": "refs/heads/main",
        "rev": "d7f8ee64155b7790188f17a993390f32577cfb81",
        "revCount": 753,
        "type": "git",
        "url": "https://codeberg.org/andyg/leap.nvim"
      },
      "original": {
        "type": "git",
        "url": "https://codeberg.org/andyg/leap.nvim"
      }
    },
    "plugins-live-preview-nvim": {
      "flake": false,
      "locked": {
        "lastModified": 1782011018,
        "narHash": "sha256-Pp5UZzqFrjH54skNElOfFBsdA3PmApKjZNql3xYBGv4=",
        "owner": "brianhuster",
        "repo": "live-preview.nvim",
        "rev": "5977060965161f7b3be3166467d03e09d10c68ea",
        "type": "github"
      },
      "original": {
        "owner": "brianhuster",
        "repo": "live-preview.nvim",
        "type": "github"
      }
    },
    "plugins-markview-nvim": {
      "flake": false,
      "locked": {
        "lastModified": 1781780785,
        "narHash": "sha256-pBbJ+baFdBt5KcqItNizZwm+IRJr9eeC3iw5KGonFYc=",
        "owner": "OXY2DEV",
        "repo": "markview.nvim",
        "rev": "301e431c7b618235f5447d54465c70934bd33668",
        "type": "github"
      },
      "original": {
        "owner": "OXY2DEV",
        "repo": "markview.nvim",
        "type": "github"
      }
    },
    "plugins-mini-nvim": {
      "flake": false,
      "locked": {
        "lastModified": 1782040896,
        "narHash": "sha256-kCcyl4KUEY51UeGYmvuLD1hswWbwKhHGUt/0XLbPuUw=",
        "owner": "nvim-mini",
        "repo": "mini.nvim",
        "rev": "1345d191bb3da9c7b0e977f4387c5761f9bff68d",
        "type": "github"
      },
      "original": {
        "owner": "nvim-mini",
        "repo": "mini.nvim",
        "type": "github"
      }
    },
    "plugins-nui-nvim": {
      "flake": false,
      "locked": {
        "lastModified": 1749392788,
        "narHash": "sha256-41slmnvt1z7sCxvpiVuFmQ9g7eCaxQi1dDCL3AxSL1A=",
        "owner": "MunifTanjim",
        "repo": "nui.nvim",
        "rev": "de740991c12411b663994b2860f1a4fd0937c130",
        "type": "github"
      },
      "original": {
        "owner": "MunifTanjim",
        "repo": "nui.nvim",
        "type": "github"
      }
    },
    "plugins-nvim-dap": {
      "flake": false,
      "locked": {
        "lastModified": 1781854401,
        "narHash": "sha256-IHm3CwO7qUTtOZqhljDjSzz4WbaAJ4kPY384MyZZ9ac=",
        "owner": "mfussenegger",
        "repo": "nvim-dap",
        "rev": "9e848e09a697ee95302a3ef2dd43fd6eb709e570",
        "type": "github"
      },
      "original": {
        "owner": "mfussenegger",
        "repo": "nvim-dap",
        "type": "github"
      }
    },
    "plugins-nvim-dap-view": {
      "flake": false,
      "locked": {
        "lastModified": 1780756277,
        "narHash": "sha256-QFBpKParYgKfY3+AW460yKHqKdW76ihxmcJF0rnx3Wo=",
        "owner": "igorlfs",
        "repo": "nvim-dap-view",
        "rev": "91a2b0eab74cc889499587166cc6e3d53a7e1e45",
        "type": "github"
      },
      "original": {
        "owner": "igorlfs",
        "repo": "nvim-dap-view",
        "type": "github"
      }
    },
    "plugins-nvim-lint": {
      "flake": false,
      "locked": {
        "lastModified": 1781935933,
        "narHash": "sha256-rKPjNRm37VE25vNLvccWbHkTaCjh0T3fomcmQ3bWBik=",
        "owner": "mfussenegger",
        "repo": "nvim-lint",
        "rev": "01c9842c089069ab497430159312b2c8868a4590",
        "type": "github"
      },
      "original": {
        "owner": "mfussenegger",
        "repo": "nvim-lint",
        "type": "github"
      }
    },
    "plugins-nvim-lspconfig": {
      "flake": false,
      "locked": {
        "lastModified": 1781881223,
        "narHash": "sha256-d8d9Hz3xA/J+E0gBRlnfCAFTwmDJE12AWw0n3TrcelU=",
        "owner": "neovim",
        "repo": "nvim-lspconfig",
        "rev": "bfcc0171a43f22afa61d927ffe9fcb6cb85dc99e",
        "type": "github"
      },
      "original": {
        "owner": "neovim",
        "repo": "nvim-lspconfig",
        "type": "github"
      }
    },
    "plugins-plenary-nvim": {
      "flake": false,
      "locked": {
        "lastModified": 1775800366,
        "narHash": "sha256-nkfETDkPiE+Kd2BWYZijgUp9bP8RgFwRmvqJz2BMuq4=",
        "owner": "nvim-lua",
        "repo": "plenary.nvim",
        "rev": "74b06c6c75e4eeb3108ec01852001636d85a932b",
        "type": "github"
      },
      "original": {
        "owner": "nvim-lua",
        "repo": "plenary.nvim",
        "type": "github"
      }
    },
    "plugins-snacks-nvim": {
      "flake": false,
      "locked": {
        "lastModified": 1779727538,
        "narHash": "sha256-gU0XjCcnmZNwZ/erukA8miBiMKaSsSiInLtiv+OyEJI=",
        "owner": "folke",
        "repo": "snacks.nvim",
        "rev": "882c996cf28183f4d63640de0b4c02ec886d01f2",
        "type": "github"
      },
      "original": {
        "owner": "folke",
        "repo": "snacks.nvim",
        "type": "github"
      }
    },
    "plugins-tiny-cmdline-nvim": {
      "flake": false,
      "locked": {
        "lastModified": 1780262848,
        "narHash": "sha256-O2j7KGqlFGl1oHW/0yRmDDTGIHn4hnpShgHcX++KWz4=",
        "owner": "rachartier",
        "repo": "tiny-cmdline.nvim",
        "rev": "b1db8607a78f0c23b3bae08e079b1b7f147619d7",
        "type": "github"
      },
      "original": {
        "owner": "rachartier",
        "repo": "tiny-cmdline.nvim",
        "type": "github"
      }
    },
    "plugins-treesj-nvim": {
      "flake": false,
      "locked": {
        "lastModified": 1779977664,
        "narHash": "sha256-MoR46Z3ghEfsVaB8D3tE154DRdg/2iT2l54PICgC/X4=",
        "owner": "Wansmer",
        "repo": "treesj",
        "rev": "79aedb401bbdc7e4202f7881eab5f6feb2105b0a",
        "type": "github"
      },
      "original": {
        "owner": "Wansmer",
        "repo": "treesj",
        "type": "github"
      }
    },
    "root": {
      "inputs": {
        "blink-pairs": "blink-pairs",
        "neovim-nightly-overlay": "neovim-nightly-overlay",
        "nixpkgs": "nixpkgs_2",
        "plugins-colorful-winsep-nvim": "plugins-colorful-winsep-nvim",
        "plugins-conform-nvim": "plugins-conform-nvim",
        "plugins-filepaths_ls-nvim": "plugins-filepaths_ls-nvim",
        "plugins-fyler-nvim": "plugins-fyler-nvim",
        "plugins-jj-nvim": "plugins-jj-nvim",
        "plugins-leap-nvim": "plugins-leap-nvim",
        "plugins-live-preview-nvim": "plugins-live-preview-nvim",
        "plugins-markview-nvim": "plugins-markview-nvim",
        "plugins-mini-nvim": "plugins-mini-nvim",
        "plugins-nui-nvim": "plugins-nui-nvim",
        "plugins-nvim-dap": "plugins-nvim-dap",
        "plugins-nvim-dap-view": "plugins-nvim-dap-view",
        "plugins-nvim-lint": "plugins-nvim-lint",
        "plugins-nvim-lspconfig": "plugins-nvim-lspconfig",
        "plugins-plenary-nvim": "plugins-plenary-nvim",
        "plugins-snacks-nvim": "plugins-snacks-nvim",
        "plugins-tiny-cmdline-nvim": "plugins-tiny-cmdline-nvim",
        "plugins-treesj-nvim": "plugins-treesj-nvim",
        "wrappers": "wrappers"
      }
    },
    "wrappers": {
      "inputs": {
        "nixpkgs": [
          "nixpkgs"
        ]
      },
      "locked": {
        "lastModified": 1780661205,
        "narHash": "sha256-3F5DixT3Gk91lBI9E+TGMm0ko5HrRbDiL23di16TJGA=",
        "owner": "BirdeeHub",
        "repo": "nix-wrapper-modules",
        "rev": "8dd304c3582ddd339217e1cc5fb53f50acb63c2d",
        "type": "github"
      },
      "original": {
        "owner": "BirdeeHub",
        "repo": "nix-wrapper-modules",
        "type": "github"
      }
    }
  },
  "root": "root",
  "version": 7
}
